
Microsoft Visual Studio Solution File, Format Version 12.00
# Visual Studio Version 16
VisualStudioVersion = 16.0.31313.79
MinimumVisualStudioVersion = 10.0.40219.1
Project("{FAE04EC0-301F-11D3-BF4B-00C04F79EFBC}") = "MulitipleInheritance", "MulitipleInheritance\MulitipleInheritance.csproj", "{4328E253-41BD-46F9-8C12-2B00968A0719}"
EndProject
Global
	GlobalSection(SolutionConfigurationPlatforms) = preSolution
		Debug|Any CPU = Debug|Any CPU
		Release|Any CPU = Release|Any CPU
	EndGlobalSection
	GlobalSection(ProjectConfigurationPlatforms) = postSolution
		{4328E253-41BD-46F9-8C12-2B00968A0719}.Debug|Any CPU.ActiveCfg = Debug|Any CPU
		{4328E253-41BD-46F9-8C12-2B00968A0719}.Debug|Any CPU.Build.0 = Debug|Any CPU
		{4328E253-41BD-46F9-8C12-2B00968A0719}.Release|Any CPU.ActiveCfg = Release|Any CPU
		{4328E253-41BD-46F9-8C12-2B00968A0719}.Release|Any CPU.Build.0 = Release|Any CPU
	EndGlobalSection
	GlobalSection(SolutionProperties) = preSolution
		HideSolutionNode = FALSE
	EndGlobalSection
	GlobalSection(ExtensibilityGlobals) = postSolution
		SolutionGuid = {BBC03BD3-CBDA-4674-AB63-80006ADEA7CE}
	EndGlobalSection
EndGlobal
