
Microsoft Visual Studio Solution File, Format Version 12.00
# Visual Studio Version 16
VisualStudioVersion = 16.0.31313.79
MinimumVisualStudioVersion = 10.0.40219.1
Project("{FAE04EC0-301F-11D3-BF4B-00C04F79EFBC}") = "ConstructorAndInterfaces", "ConstructorAndInterfaces\ConstructorAndInterfaces.csproj", "{4C141F75-CC05-491B-91AB-3E2711355304}"
EndProject
Global
	GlobalSection(SolutionConfigurationPlatforms) = preSolution
		Debug|Any CPU = Debug|Any CPU
		Release|Any CPU = Release|Any CPU
	EndGlobalSection
	GlobalSection(ProjectConfigurationPlatforms) = postSolution
		{4C141F75-CC05-491B-91AB-3E2711355304}.Debug|Any CPU.ActiveCfg = Debug|Any CPU
		{4C141F75-CC05-491B-91AB-3E2711355304}.Debug|Any CPU.Build.0 = Debug|Any CPU
		{4C141F75-CC05-491B-91AB-3E2711355304}.Release|Any CPU.ActiveCfg = Release|Any CPU
		{4C141F75-CC05-491B-91AB-3E2711355304}.Release|Any CPU.Build.0 = Release|Any CPU
	EndGlobalSection
	GlobalSection(SolutionProperties) = preSolution
		HideSolutionNode = FALSE
	EndGlobalSection
	GlobalSection(ExtensibilityGlobals) = postSolution
		SolutionGuid = {68F0065D-1803-4F3B-A5B6-C61650BF9247}
	EndGlobalSection
EndGlobal
