
Microsoft Visual Studio Solution File, Format Version 12.00
# Visual Studio Version 16
VisualStudioVersion = 16.0.31321.278
MinimumVisualStudioVersion = 10.0.40219.1
Project("{FAE04EC0-301F-11D3-BF4B-00C04F79EFBC}") = "DebugWithTimCorey", "DebugWithTimCorey\DebugWithTimCorey.csproj", "{239FFCE6-6846-4B22-A0C2-377DB72F1CA6}"
EndProject
Global
	GlobalSection(SolutionConfigurationPlatforms) = preSolution
		Debug|Any CPU = Debug|Any CPU
		Release|Any CPU = Release|Any CPU
	EndGlobalSection
	GlobalSection(ProjectConfigurationPlatforms) = postSolution
		{239FFCE6-6846-4B22-A0C2-377DB72F1CA6}.Debug|Any CPU.ActiveCfg = Debug|Any CPU
		{239FFCE6-6846-4B22-A0C2-377DB72F1CA6}.Debug|Any CPU.Build.0 = Debug|Any CPU
		{239FFCE6-6846-4B22-A0C2-377DB72F1CA6}.Release|Any CPU.ActiveCfg = Release|Any CPU
		{239FFCE6-6846-4B22-A0C2-377DB72F1CA6}.Release|Any CPU.Build.0 = Release|Any CPU
	EndGlobalSection
	GlobalSection(SolutionProperties) = preSolution
		HideSolutionNode = FALSE
	EndGlobalSection
	GlobalSection(ExtensibilityGlobals) = postSolution
		SolutionGuid = {BBDBBF6C-74B4-46C5-8CEB-287A059F6067}
	EndGlobalSection
EndGlobal
